<?xml version="1.0" encoding="UTF-8" standalone="yes" ?>
<CodeBlocks_project_file>
	<FileVersion major="1" minor="6" />
	<Project>
		<Option title="superbabar" />
		<Option makefile="Makefiletest" />
		<Option pch_mode="2" />
		<Option compiler="gcc" />
		<Build>
			<Target title="Debug">
				<Option output="bin\Debug\superbabar" prefix_auto="1" extension_auto="1" />
				<Option object_output="obj\Debug\" />
				<Option type="1" />
				<Option compiler="gcc" />
				<Compiler>
					<Add option="-g" />
				</Compiler>
			</Target>
			<Target title="Release">
				<Option output="bin\Release\superbabar" prefix_auto="1" extension_auto="1" />
				<Option object_output="obj\Release\" />
				<Option type="0" />
				<Option compiler="gcc" />
				<Option parameters="-menu" />
				<Compiler>
					<Add option="-O2" />
				</Compiler>
				<Linker>
					<Add option="-s" />
				</Linker>
			</Target>
		</Build>
		<Compiler>
			<Add option="-Wall" />
			<Add directory="$(#sdl.include)" />
		</Compiler>
		<Linker>
			<Add library="mingw32" />
			<Add library="user32" />
			<Add library="gdi32" />
			<Add library="winmm" />
			<Add library="dxguid" />
			<Add library="lib\SDL\lib\SDL_ttf.lib" />
			<Add library="lib\fmodapi375win\api\lib\libfmod.a" />
			<Add library="lib\SDL\lib\SDL_image.lib" />
			<Add library="lib\SDL\lib\libSDLmain.a" />
			<Add library="lib\SDL\lib\libSDL.dll.a" />
			<Add library="lib\SDL\lib\glut32.lib" />
			<Add library="lib\SDL\lib\libglaux.a" />
			<Add library="lib\SDL\lib\libglu32.a" />
			<Add library="lib\SDL\lib\libglut.a" />
			<Add library="lib\SDL\lib\libglut32.a" />
			<Add library="lib\SDL\lib\libopengl32.a" />
			<Add library="lib\SDL\lib\SDL_mixer.lib" />
			<Add directory="$(#sdl.lib)" />
		</Linker>
		<Unit filename="resources\resources.rc">
			<Option compilerVar="WINDRES" />
		</Unit>
		<Unit filename="src\AI\AI.cpp" />
		<Unit filename="src\AI\AI.h" />
		<Unit filename="src\actors\Actor.cpp" />
		<Unit filename="src\actors\Actor.h" />
		<Unit filename="src\actors\Babar.cpp" />
		<Unit filename="src\actors\Babar.h" />
		<Unit filename="src\actors\Boss.cpp" />
		<Unit filename="src\actors\Boss.h" />
		<Unit filename="src\actors\BossElmar.cpp" />
		<Unit filename="src\actors\BossElmar.h" />
		<Unit filename="src\actors\ChargingMonster.cpp" />
		<Unit filename="src\actors\ChargingMonster.h" />
		<Unit filename="src\actors\ElmarTile.cpp" />
		<Unit filename="src\actors\ElmarTile.h" />
		<Unit filename="src\actors\Explosion.cpp" />
		<Unit filename="src\actors\Explosion.h" />
		<Unit filename="src\actors\FlyingMonster.cpp" />
		<Unit filename="src\actors\FlyingMonster.h" />
		<Unit filename="src\actors\FollowingFlyingMonster.cpp" />
		<Unit filename="src\actors\FollowingFlyingMonster.h" />
		<Unit filename="src\actors\FollowingWalkingMonster.cpp" />
		<Unit filename="src\actors\FollowingWalkingMonster.h" />
		<Unit filename="src\actors\Monster.cpp" />
		<Unit filename="src\actors\Monster.h" />
		<Unit filename="src\actors\MonstersManager.cpp" />
		<Unit filename="src\actors\MonstersManager.h" />
		<Unit filename="src\actors\Projectile.cpp" />
		<Unit filename="src\actors\Projectile.h" />
		<Unit filename="src\actors\ProjectilesManager.cpp" />
		<Unit filename="src\actors\ProjectilesManager.h" />
		<Unit filename="src\actors\RemoteBabar.cpp" />
		<Unit filename="src\actors\RemoteBabar.h" />
		<Unit filename="src\actors\Rocket.cpp" />
		<Unit filename="src\actors\Rocket.h" />
		<Unit filename="src\actors\WalkingMonster.cpp" />
		<Unit filename="src\actors\WalkingMonster.h" />
		<Unit filename="src\control\EventKeyboard.cpp" />
		<Unit filename="src\control\EventKeyboard.h" />
		<Unit filename="src\control\EventOrderer.cpp" />
		<Unit filename="src\control\EventOrderer.h" />
		<Unit filename="src\control\InputString.cpp" />
		<Unit filename="src\control\InputString.h" />
		<Unit filename="src\control\Keyboard.cpp" />
		<Unit filename="src\control\Keyboard.h" />
		<Unit filename="src\control\KeyboardConfig.cpp" />
		<Unit filename="src\control\KeyboardConfig.h" />
		<Unit filename="src\control\SdlKeyConverter.cpp" />
		<Unit filename="src\control\SdlKeyConverter.h" />
		<Unit filename="src\debug\.moc\moc_LoopThread.cpp" />
		<Unit filename="src\debug\.moc\moc_MainWindow.cpp" />
		<Unit filename="src\debug\.moc\moc_NetworkCommunicator.cpp" />
		<Unit filename="src\debug\.moc\moc_NetworkServer.cpp" />
		<Unit filename="src\events\Event.cpp" />
		<Unit filename="src\events\Event.h" />
		<Unit filename="src\events\EventsManager.cpp" />
		<Unit filename="src\events\EventsManager.h" />
		<Unit filename="src\events\Stats.cpp" />
		<Unit filename="src\events\Stats.h" />
		<Unit filename="src\events\Trigger.cpp" />
		<Unit filename="src\events\Trigger.h" />
		<Unit filename="src\events\Triggerable.cpp" />
		<Unit filename="src\events\Triggerable.h" />
		<Unit filename="src\game\Game.cpp" />
		<Unit filename="src\game\Game.h" />
		<Unit filename="src\game\GameEngine.cpp" />
		<Unit filename="src\game\GameEngine.h" />
		<Unit filename="src\game\GameInitializer.cpp" />
		<Unit filename="src\game\GameInitializer.h" />
		<Unit filename="src\game\LevelsManager.cpp" />
		<Unit filename="src\game\LevelsManager.h" />
		<Unit filename="src\game\StaticData.cpp" />
		<Unit filename="src\game\StaticData.h" />
		<Unit filename="src\items\ElmarMachineGun.cpp" />
		<Unit filename="src\items\ElmarMachineGun.h" />
		<Unit filename="src\items\Gun.cpp" />
		<Unit filename="src\items\Gun.h" />
		<Unit filename="src\items\MachineGun.cpp" />
		<Unit filename="src\items\MachineGun.h" />
		<Unit filename="src\items\MonsterBasicWeapon.cpp" />
		<Unit filename="src\items\MonsterBasicWeapon.h" />
		<Unit filename="src\items\RocketLauncher.cpp" />
		<Unit filename="src\items\RocketLauncher.h" />
		<Unit filename="src\items\Shotgun.cpp" />
		<Unit filename="src\items\Shotgun.h" />
		<Unit filename="src\items\Weapon.cpp" />
		<Unit filename="src\items\Weapon.h" />
		<Unit filename="src\items\WeaponsArmory.cpp" />
		<Unit filename="src\items\WeaponsArmory.h" />
		<Unit filename="src\main.cpp" />
		<Unit filename="src\menus\ChoseLevelMenu.cpp" />
		<Unit filename="src\menus\ChoseLevelMenu.h" />
		<Unit filename="src\menus\KeyconfigMenu.cpp" />
		<Unit filename="src\menus\KeyconfigMenu.h" />
		<Unit filename="src\menus\ListMenuActions.cpp" />
		<Unit filename="src\menus\ListMenuActions.h" />
		<Unit filename="src\menus\MainMenu.cpp" />
		<Unit filename="src\menus\MainMenu.h" />
		<Unit filename="src\menus\Menu.cpp" />
		<Unit filename="src\menus\Menu.h" />
		<Unit filename="src\menus\MenuAction.cpp" />
		<Unit filename="src\menus\MenuAction.h" />
		<Unit filename="src\menus\MenuActionClassic.cpp" />
		<Unit filename="src\menus\MenuActionClassic.h" />
		<Unit filename="src\menus\MenuActionInteger.cpp" />
		<Unit filename="src\menus\MenuActionInteger.h" />
		<Unit filename="src\menus\MenuActionKeyconfig.cpp" />
		<Unit filename="src\menus\MenuActionKeyconfig.h" />
		<Unit filename="src\menus\MenuActionSelectMap.cpp" />
		<Unit filename="src\menus\MenuActionSelectMap.h" />
		<Unit filename="src\menus\MenuActionString.cpp" />
		<Unit filename="src\menus\MenuActionString.h" />
		<Unit filename="src\menus\MenuJoin.cpp" />
		<Unit filename="src\menus\MenuJoin.h" />
		<Unit filename="src\menus\MenuMulti.cpp" />
		<Unit filename="src\menus\MenuMulti.h" />
		<Unit filename="src\menus\OptionsMenu.cpp" />
		<Unit filename="src\menus\OptionsMenu.h" />
		<Unit filename="src\menus\PauseMenu.cpp" />
		<Unit filename="src\menus\PauseMenu.h" />
		<Unit filename="src\network\NetworkClient.cpp" />
		<Unit filename="src\network\NetworkClient.h" />
		<Unit filename="src\network\NetworkCommunicator.cpp" />
		<Unit filename="src\network\NetworkCommunicator.h" />
		<Unit filename="src\network\NetworkEntity.cpp" />
		<Unit filename="src\network\NetworkEntity.h" />
		<Unit filename="src\network\NetworkEntityActor.cpp" />
		<Unit filename="src\network\NetworkEntityActor.h" />
		<Unit filename="src\network\NetworkManager.cpp" />
		<Unit filename="src\network\NetworkManager.h" />
		<Unit filename="src\network\NetworkMessageAd.h" />
		<Unit filename="src\network\NetworkMessageAskFor.h" />
		<Unit filename="src\network\NetworkMessageError.h" />
		<Unit filename="src\network\NetworkMessageResponse.h" />
		<Unit filename="src\network\NetworkServer.cpp" />
		<Unit filename="src\network\NetworkServer.h" />
		<Unit filename="src\network\NetworkTypes.h" />
		<Unit filename="src\param\param_dashboard.h" />
		<Unit filename="src\param\param_menus.h" />
		<Unit filename="src\param\param_talks.h" />
		<Unit filename="src\physic\BindablePlatform.cpp" />
		<Unit filename="src\physic\BindablePlatform.h" />
		<Unit filename="src\physic\ChainedPlatform.cpp" />
		<Unit filename="src\physic\ChainedPlatform.h" />
		<Unit filename="src\physic\CollisionsManager.cpp" />
		<Unit filename="src\physic\CollisionsManager.h" />
		<Unit filename="src\physic\CollisionsMatrix.cpp" />
		<Unit filename="src\physic\CollisionsMatrix.h" />
		<Unit filename="src\physic\FallingPlatform.cpp" />
		<Unit filename="src\physic\FallingPlatform.h" />
		<Unit filename="src\physic\MovingPlatform.cpp" />
		<Unit filename="src\physic\MovingPlatform.h" />
		<Unit filename="src\players\Player.cpp" />
		<Unit filename="src\players\Player.h" />
		<Unit filename="src\players\PlayersManager.cpp" />
		<Unit filename="src\players\PlayersManager.h" />
		<Unit filename="src\sets\AnimatedNophysicSet.cpp" />
		<Unit filename="src\sets\AnimatedNophysicSet.h" />
		<Unit filename="src\sets\AnimatedPhysicSet.cpp" />
		<Unit filename="src\sets\AnimatedPhysicSet.h" />
		<Unit filename="src\sets\AnimatedSet.cpp" />
		<Unit filename="src\sets\AnimatedSet.h" />
		<Unit filename="src\sets\AnimatedSetsManager.cpp" />
		<Unit filename="src\sets\AnimatedSetsManager.h" />
		<Unit filename="src\sound\Sonorisable.cpp" />
		<Unit filename="src\sound\Sonorisable.h" />
		<Unit filename="src\sound\Sound.cpp" />
		<Unit filename="src\sound\Sound.h" />
		<Unit filename="src\sound\SoundEngine.cpp" />
		<Unit filename="src\sound\SoundEngine.h" />
		<Unit filename="src\sprites\Sprite.cpp" />
		<Unit filename="src\sprites\Sprite.h" />
		<Unit filename="src\sprites\SpriteAnim.cpp" />
		<Unit filename="src\sprites\SpriteAnim.h" />
		<Unit filename="src\sprites\SpriteAnimTable.cpp" />
		<Unit filename="src\sprites\SpriteAnimTable.h" />
		<Unit filename="src\sprites\SpritesManager.cpp" />
		<Unit filename="src\sprites\SpritesManager.h" />
		<Unit filename="src\util\Analyser.cpp" />
		<Unit filename="src\util\Analyser.h" />
		<Unit filename="src\util\ArgAnalyser.cpp" />
		<Unit filename="src\util\ArgAnalyser.h" />
		<Unit filename="src\util\Constants.cpp" />
		<Unit filename="src\util\Constants.h" />
		<Unit filename="src\util\RandomGenerator.cpp" />
		<Unit filename="src\util\RandomGenerator.h" />
		<Unit filename="src\util\Rect.cpp" />
		<Unit filename="src\util\Rect.h" />
		<Unit filename="src\util\debug.h" />
		<Unit filename="src\util\enums.h" />
		<Unit filename="src\util\globals.cpp" />
		<Unit filename="src\util\globals.h" />
		<Unit filename="src\util\lists.h" />
		<Unit filename="src\util\macros.h" />
		<Unit filename="src\util\repertories.h" />
		<Unit filename="src\util\utils.h" />
		<Unit filename="src\video\Anim.h" />
		<Unit filename="src\video\AnimPic.cpp" />
		<Unit filename="src\video\AnimPic.h" />
		<Unit filename="src\video\AnimTable.cpp" />
		<Unit filename="src\video\AnimTable.h" />
		<Unit filename="src\video\AnimText.cpp" />
		<Unit filename="src\video\AnimText.h" />
		<Unit filename="src\video\Camera.cpp" />
		<Unit filename="src\video\Camera.h" />
		<Unit filename="src\video\Dashboard.cpp" />
		<Unit filename="src\video\Dashboard.h" />
		<Unit filename="src\video\Displayable.h" />
		<Unit filename="src\video\Font.cpp" />
		<Unit filename="src\video\Font.h" />
		<Unit filename="src\video\GraphicEngine.cpp" />
		<Unit filename="src\video\GraphicEngine.h" />
		<Unit filename="src\video\KeyMapSurfaceText.cpp" />
		<Unit filename="src\video\KeyMapSurfaceText.h" />
		<Unit filename="src\video\KeyMapSurfaceUnif.cpp" />
		<Unit filename="src\video\KeyMapSurfaceUnif.h" />
		<Unit filename="src\video\LifeBarPossessor.cpp" />
		<Unit filename="src\video\LifeBarPossessor.h" />
		<Unit filename="src\video\MainTitle.cpp" />
		<Unit filename="src\video\MainTitle.h" />
		<Unit filename="src\video\PicturesContainer.cpp" />
		<Unit filename="src\video\PicturesContainer.h" />
		<Unit filename="src\video\SpecialLetter.cpp" />
		<Unit filename="src\video\SpecialLetter.h" />
		<Unit filename="src\video\Statics.cpp" />
		<Unit filename="src\video\Statics.h" />
		<Unit filename="src\video\Surface.cpp" />
		<Unit filename="src\video\Surface.h" />
		<Unit filename="src\video\SurfaceComposite.cpp" />
		<Unit filename="src\video\SurfaceComposite.h" />
		<Unit filename="src\video\SurfaceCompositeItem.cpp" />
		<Unit filename="src\video\SurfaceCompositeItem.h" />
		<Unit filename="src\video\SurfaceFrame.cpp" />
		<Unit filename="src\video\SurfaceFrame.h" />
		<Unit filename="src\video\SurfaceSelectionMenu.cpp" />
		<Unit filename="src\video\SurfaceSelectionMenu.h" />
		<Unit filename="src\video\SurfaceText.cpp" />
		<Unit filename="src\video\SurfaceText.h" />
		<Unit filename="src\video\SurfaceUniform.cpp" />
		<Unit filename="src\video\SurfaceUniform.h" />
		<Unit filename="src\video\SurfacesContainer.cpp" />
		<Unit filename="src\video\SurfacesContainer.h" />
		<Unit filename="src\video\Talks.cpp" />
		<Unit filename="src\video\Talks.h" />
		<Unit filename="src\video\Texture.cpp" />
		<Unit filename="src\video\Texture.h" />
		<Unit filename="src\video\TexturesManager.cpp" />
		<Unit filename="src\video\TexturesManager.h" />
		<Unit filename="src\video\TransitionScreen.cpp" />
		<Unit filename="src\video\TransitionScreen.h" />
		<Extensions>
			<code_completion />
			<debugger />
		</Extensions>
	</Project>
</CodeBlocks_project_file>
