<?xml version="1.0" encoding="UTF-8" standalone="yes" ?>
<CodeBlocks_project_file>
	<FileVersion major="1" minor="6" />
	<Project>
		<Option title="Babar1.00" />
		<Option pch_mode="2" />
		<Option compiler="gcc" />
		<Build>
			<Target title="Debug">
				<Option output="bin\Debug\Babar1" prefix_auto="1" extension_auto="1" />
				<Option object_output="obj\Debug\" />
				<Option type="1" />
				<Option compiler="gcc" />
				<Compiler>
					<Add option="-W" />
					<Add option="-g" />
				</Compiler>
			</Target>
			<Target title="Release">
				<Option output="bin\Release\Babar1" prefix_auto="1" extension_auto="1" />
				<Option object_output="obj\Release\" />
				<Option type="0" />
				<Option compiler="gcc" />
				<Compiler>
					<Add option="-O2" />
				</Compiler>
				<Linker>
					<Add option="-s" />
				</Linker>
			</Target>
		</Build>
		<Compiler>
			<Add option="-Wall" />
			<Add directory="C:\Program Files (x86)\CodeBlocks\SDL-1.2.14\include" />
		</Compiler>
		<Linker>
			<Add library="mingw32" />
			<Add library="SDLmain" />
			<Add library="SDL.dll" />
			<Add library="user32" />
			<Add library="gdi32" />
			<Add library="winmm" />
			<Add library="dxguid" />
			<Add directory="C:\Program Files (x86)\CodeBlocks\SDL-1.2.14\lib" />
		</Linker>
		<Unit filename="..\src\analyser.cpp" />
		<Unit filename="..\src\analyser.h" />
		<Unit filename="..\src\camera.cpp" />
		<Unit filename="..\src\camera.h" />
		<Unit filename="..\src\collisions.cpp" />
		<Unit filename="..\src\collisions.h" />
		<Unit filename="..\src\events.cpp" />
		<Unit filename="..\src\events.h" />
		<Unit filename="..\src\game.cpp" />
		<Unit filename="..\src\game.h" />
		<Unit filename="..\src\globals.cpp" />
		<Unit filename="..\src\globals.h" />
		<Unit filename="..\src\levels.cpp" />
		<Unit filename="..\src\levels.h" />
		<Unit filename="..\src\lists.h" />
		<Unit filename="..\src\main.cpp" />
		<Unit filename="..\src\sprites.cpp" />
		<Unit filename="..\src\sprites.h" />
		<Unit filename="..\src\statics.cpp" />
		<Unit filename="..\src\statics.h" />
		<Unit filename="..\src\weapons.cpp" />
		<Unit filename="..\src\weapons.h" />
		<Unit filename="..\src\window.cpp" />
		<Unit filename="..\src\window.h" />
		<Extensions>
			<code_completion />
			<debugger />
		</Extensions>
	</Project>
</CodeBlocks_project_file>
