<?xml version="1.0" encoding="UTF-8" standalone="yes" ?>
<CodeBlocks_project_file>
	<FileVersion major="1" minor="6" />
	<Project>
		<Option title="superbabar" />
		<Option pch_mode="2" />
		<Option compiler="gcc" />
		<Build>
			<Target title="Debug">
				<Option output="bin\Debug\superbabar" prefix_auto="1" extension_auto="1" />
				<Option object_output="obj\Debug\" />
				<Option type="1" />
				<Option compiler="gcc" />
				<Compiler>
					<Add option="-g" />
				</Compiler>
			</Target>
			<Target title="Release">
				<Option output="bin\Release\superbabar" prefix_auto="1" extension_auto="1" />
				<Option object_output="obj\Release\" />
				<Option type="0" />
				<Option compiler="gcc" />
				<Compiler>
					<Add option="-O2" />
				</Compiler>
				<Linker>
					<Add option="-s" />
				</Linker>
			</Target>
		</Build>
		<Compiler>
			<Add option="-Wall" />
			<Add directory="$(#sdl.include)" />
		</Compiler>
		<Linker>
			<Add library="mingw32" />
			<Add library="user32" />
			<Add library="gdi32" />
			<Add library="winmm" />
			<Add library="dxguid" />
			<Add library="..\lib\SDL\lib\SDL_ttf.lib" />
			<Add library="..\lib\fmodapi375win\api\lib\libfmod.a" />
			<Add library="..\lib\SDL\lib\SDL_image.lib" />
			<Add library="..\lib\SDL\lib\libSDLmain.a" />
			<Add library="..\lib\SDL\lib\libSDL.dll.a" />
			<Add directory="$(#sdl.lib)" />
		</Linker>
		<Unit filename="..\src\AI\AI.cpp" />
		<Unit filename="..\src\AI\AI.h" />
		<Unit filename="..\src\actors\actor.cpp" />
		<Unit filename="..\src\actors\actor.h" />
		<Unit filename="..\src\actors\babar.cpp" />
		<Unit filename="..\src\actors\babar.h" />
		<Unit filename="..\src\actors\flying_monster.cpp" />
		<Unit filename="..\src\actors\flying_monster.h" />
		<Unit filename="..\src\actors\following_flying_monsters.cpp" />
		<Unit filename="..\src\actors\following_flying_monsters.h" />
		<Unit filename="..\src\actors\following_walking_monsters.cpp" />
		<Unit filename="..\src\actors\following_walking_monsters.h" />
		<Unit filename="..\src\actors\monsters.cpp" />
		<Unit filename="..\src\actors\monsters.h" />
		<Unit filename="..\src\actors\monsters_manager.cpp" />
		<Unit filename="..\src\actors\monsters_manager.h" />
		<Unit filename="..\src\actors\projectiles.cpp" />
		<Unit filename="..\src\actors\projectiles.h" />
		<Unit filename="..\src\actors\projectiles_manager.cpp" />
		<Unit filename="..\src\actors\projectiles_manager.h" />
		<Unit filename="..\src\actors\walking_monsters.cpp" />
		<Unit filename="..\src\actors\walking_monsters.h" />
		<Unit filename="..\src\control\keyboard.cpp" />
		<Unit filename="..\src\control\keyboard.h" />
		<Unit filename="..\src\events\events.cpp" />
		<Unit filename="..\src\events\events.h" />
		<Unit filename="..\src\events\events_manager.cpp" />
		<Unit filename="..\src\events\events_manager.h" />
		<Unit filename="..\src\events\stats.cpp" />
		<Unit filename="..\src\events\stats.h" />
		<Unit filename="..\src\events\trigger.cpp" />
		<Unit filename="..\src\events\trigger.h" />
		<Unit filename="..\src\game\game.cpp" />
		<Unit filename="..\src\game\game.h" />
		<Unit filename="..\src\game\game_engine.cpp" />
		<Unit filename="..\src\game\game_engine.h" />
		<Unit filename="..\src\game\game_initializer.cpp" />
		<Unit filename="..\src\game\game_initializer.h" />
		<Unit filename="..\src\game\levels_manager.cpp" />
		<Unit filename="..\src\game\levels_manager.h" />
		<Unit filename="..\src\game\static_data.cpp" />
		<Unit filename="..\src\game\static_data.h" />
		<Unit filename="..\src\items\gun.cpp" />
		<Unit filename="..\src\items\gun.h" />
		<Unit filename="..\src\items\machinegun.cpp" />
		<Unit filename="..\src\items\machinegun.h" />
		<Unit filename="..\src\items\monster_basic_weapon.cpp" />
		<Unit filename="..\src\items\monster_basic_weapon.h" />
		<Unit filename="..\src\items\shotgun.cpp" />
		<Unit filename="..\src\items\shotgun.h" />
		<Unit filename="..\src\items\weapons.cpp" />
		<Unit filename="..\src\items\weapons.h" />
		<Unit filename="..\src\items\weapons_armory.cpp" />
		<Unit filename="..\src\items\weapons_armory.h" />
		<Unit filename="..\src\main.cpp" />
		<Unit filename="..\src\menus\list_menu_actions.cpp" />
		<Unit filename="..\src\menus\list_menu_actions.h" />
		<Unit filename="..\src\menus\main_menu.cpp" />
		<Unit filename="..\src\menus\main_menu.h" />
		<Unit filename="..\src\menus\menu.cpp" />
		<Unit filename="..\src\menus\menu.h" />
		<Unit filename="..\src\menus\menu_action.cpp" />
		<Unit filename="..\src\menus\menu_action.h" />
		<Unit filename="..\src\menus\options_menu.cpp" />
		<Unit filename="..\src\menus\options_menu.h" />
		<Unit filename="..\src\menus\pause_menu.cpp" />
		<Unit filename="..\src\menus\pause_menu.h" />
		<Unit filename="..\src\physic\collisions_manager.cpp" />
		<Unit filename="..\src\physic\collisions_manager.h" />
		<Unit filename="..\src\physic\collisions_matrix.cpp" />
		<Unit filename="..\src\physic\collisions_matrix.h" />
		<Unit filename="..\src\physic\moving_platform.cpp" />
		<Unit filename="..\src\physic\moving_platform.h" />
		<Unit filename="..\src\sets\animated_nophysic_set.cpp" />
		<Unit filename="..\src\sets\animated_nophysic_set.h" />
		<Unit filename="..\src\sets\animated_physic_set.cpp" />
		<Unit filename="..\src\sets\animated_physic_set.h" />
		<Unit filename="..\src\sets\animated_set.cpp" />
		<Unit filename="..\src\sets\animated_set.h" />
		<Unit filename="..\src\sets\animated_set_manager.cpp" />
		<Unit filename="..\src\sets\animated_set_manager.h" />
		<Unit filename="..\src\sound\sonorisable.cpp" />
		<Unit filename="..\src\sound\sonorisable.h" />
		<Unit filename="..\src\sound\sound.cpp" />
		<Unit filename="..\src\sound\sound.h" />
		<Unit filename="..\src\sound\sound_engine.cpp" />
		<Unit filename="..\src\sound\sound_engine.h" />
		<Unit filename="..\src\sound\sound_manager.cpp" />
		<Unit filename="..\src\sound\sound_manager.h" />
		<Unit filename="..\src\sprites\sprites.cpp" />
		<Unit filename="..\src\sprites\sprites.h" />
		<Unit filename="..\src\sprites\sprites_anim.cpp" />
		<Unit filename="..\src\sprites\sprites_anim.h" />
		<Unit filename="..\src\sprites\sprites_anim_table.cpp" />
		<Unit filename="..\src\sprites\sprites_anim_table.h" />
		<Unit filename="..\src\sprites\sprites_manager.cpp" />
		<Unit filename="..\src\sprites\sprites_manager.h" />
		<Unit filename="..\src\util\analyser.cpp" />
		<Unit filename="..\src\util\analyser.h" />
		<Unit filename="..\src\util\arg_analyser.cpp" />
		<Unit filename="..\src\util\arg_analyser.h" />
		<Unit filename="..\src\util\debug.h" />
		<Unit filename="..\src\util\globals.cpp" />
		<Unit filename="..\src\util\globals.h" />
		<Unit filename="..\src\util\lists.h" />
		<Unit filename="..\src\util\repertories.h" />
		<Unit filename="..\src\video\anim.h" />
		<Unit filename="..\src\video\anim_pic.cpp" />
		<Unit filename="..\src\video\anim_pic.h" />
		<Unit filename="..\src\video\anim_table.cpp" />
		<Unit filename="..\src\video\anim_table.h" />
		<Unit filename="..\src\video\anim_text.cpp" />
		<Unit filename="..\src\video\anim_text.h" />
		<Unit filename="..\src\video\camera.cpp" />
		<Unit filename="..\src\video\camera.h" />
		<Unit filename="..\src\video\dashboard.cpp" />
		<Unit filename="..\src\video\dashboard.h" />
		<Unit filename="..\src\video\displayable.h" />
		<Unit filename="..\src\video\font.cpp" />
		<Unit filename="..\src\video\font.h" />
		<Unit filename="..\src\video\graphic_engine.cpp" />
		<Unit filename="..\src\video\graphic_engine.h" />
		<Unit filename="..\src\video\pictures_container.cpp" />
		<Unit filename="..\src\video\pictures_container.h" />
		<Unit filename="..\src\video\statics.cpp" />
		<Unit filename="..\src\video\statics.h" />
		<Unit filename="..\src\video\surface.cpp" />
		<Unit filename="..\src\video\surface.h" />
		<Unit filename="..\src\video\surface_text.cpp" />
		<Unit filename="..\src\video\surface_text.h" />
		<Unit filename="..\src\video\surface_uniform.cpp" />
		<Unit filename="..\src\video\surface_uniform.h" />
		<Unit filename="..\src\video\talks.cpp" />
		<Unit filename="..\src\video\talks.h" />
		<Extensions>
			<code_completion />
			<debugger />
		</Extensions>
	</Project>
</CodeBlocks_project_file>
